
Microsoft Visual Studio Solution File, Format Version 12.00
# Visual Studio Version 16
VisualStudioVersion = 16.0.30225.117
MinimumVisualStudioVersion = 10.0.40219.1
Project("{9A19103F-16F7-4668-BE54-9A1E7A4F7556}") = "Consumer1", "1\Consumer1\Consumer1.csproj", "{D084BA0F-7E2F-4269-B572-60956075E938}"
EndProject
Project("{9A19103F-16F7-4668-BE54-9A1E7A4F7556}") = "Producer", "1\Producer\Producer.csproj", "{441F79A4-6B11-44DE-902A-67E6FFB4025B}"
EndProject
Project("{2150E333-8FDC-42A3-9474-1A3956D46DE8}") = "1", "1", "{EAB189A4-0D00-4466-8A26-ADF41C258409}"
	ProjectSection(SolutionItems) = preProject
		Consumer1\Readme1.txt = Consumer1\Readme1.txt
	EndProjectSection
EndProject
Project("{2150E333-8FDC-42A3-9474-1A3956D46DE8}") = "2", "2", "{9770D3BD-F591-495F-B1D1-9E55C20D127C}"
	ProjectSection(SolutionItems) = preProject
		Consumer1\Readme.txt = Consumer1\Readme.txt
	EndProjectSection
EndProject
Project("{2150E333-8FDC-42A3-9474-1A3956D46DE8}") = "3", "3", "{1527542A-2A06-4344-B887-75848E2916E0}"
	ProjectSection(SolutionItems) = preProject
		Readme.txt = Readme.txt
	EndProjectSection
EndProject
Project("{2150E333-8FDC-42A3-9474-1A3956D46DE8}") = "4", "4", "{F998DA82-3DBF-455D-AFFA-1005676335E1}"
	ProjectSection(SolutionItems) = preProject
		Readme4.txt = Readme4.txt
	EndProjectSection
EndProject
Project("{2150E333-8FDC-42A3-9474-1A3956D46DE8}") = "5", "5", "{A25CD3F6-BBE7-4170-B76A-3CDAD975261A}"
	ProjectSection(SolutionItems) = preProject
		Readme5.txt = Readme5.txt
	EndProjectSection
EndProject
Project("{9A19103F-16F7-4668-BE54-9A1E7A4F7556}") = "Producer2", "2\Producer2\Producer2.csproj", "{C3861006-1C39-440D-9EB1-83930782D47B}"
EndProject
Project("{9A19103F-16F7-4668-BE54-9A1E7A4F7556}") = "Consumer2.1", "2\Consumer2.1\Consumer2.1.csproj", "{69E33E0B-EE77-48F7-AFEE-A446871398FC}"
EndProject
Project("{9A19103F-16F7-4668-BE54-9A1E7A4F7556}") = "Consumer2.2", "2\Consumer2.2\Consumer2.2.csproj", "{911EE356-B3C7-4738-88DF-B3D5728AFDAE}"
EndProject
Project("{FAE04EC0-301F-11D3-BF4B-00C04F79EFBC}") = "Producer3", "3\Producer3\Producer3.csproj", "{B595FC64-4B77-4765-9396-D1BC62BA0A0A}"
EndProject
Project("{FAE04EC0-301F-11D3-BF4B-00C04F79EFBC}") = "Consumer3.1", "3\Consumer3.1\Consumer3.1.csproj", "{314D8A24-AAEF-4804-A620-14A049CF4902}"
EndProject
Project("{FAE04EC0-301F-11D3-BF4B-00C04F79EFBC}") = "Consumer3.2b", "3\Consumer3.2b\Consumer3.2b.csproj", "{3B1F993C-25C5-4DBD-91DF-0B8A1C0BB012}"
EndProject
Project("{FAE04EC0-301F-11D3-BF4B-00C04F79EFBC}") = "Producer4", "4\Producer4\Producer4.csproj", "{ED09970A-4876-4A2E-B773-3B65C157AC83}"
EndProject
Project("{FAE04EC0-301F-11D3-BF4B-00C04F79EFBC}") = "Consumer4.1", "4\Consumer4.1\Consumer4.1.csproj", "{3BDF2C58-7F18-400A-B7C6-1EFAF6D5CB1F}"
EndProject
Project("{FAE04EC0-301F-11D3-BF4B-00C04F79EFBC}") = "Consumer4.2", "4\Consumer4.2\Consumer4.2.csproj", "{1FA0B318-C704-471F-998A-D669FF3EA8D2}"
EndProject
Project("{FAE04EC0-301F-11D3-BF4B-00C04F79EFBC}") = "Consumer4.3", "4\Consumer4.3\Consumer4.3.csproj", "{1BFAAAFA-CC3C-4C41-98FC-F8DA7E592A36}"
EndProject
Project("{2150E333-8FDC-42A3-9474-1A3956D46DE8}") = "6", "6", "{6CB6E361-7EC0-4180-A6F7-66523D0285D0}"
EndProject
Project("{FAE04EC0-301F-11D3-BF4B-00C04F79EFBC}") = "Producer5", "Producer5\Producer5.csproj", "{A7B99863-1EB8-4689-B9A4-D12EA9776FC3}"
EndProject
Project("{FAE04EC0-301F-11D3-BF4B-00C04F79EFBC}") = "Consumer5.1", "5\Consumer5.1\Consumer5.1.csproj", "{15911969-CD15-45A4-879E-67178A43483D}"
EndProject
Project("{FAE04EC0-301F-11D3-BF4B-00C04F79EFBC}") = "Consumer5.2", "5\Consumer5.2\Consumer5.2.csproj", "{09E2CEA9-EBDE-44E3-909D-D5F6C19D50EB}"
EndProject
Global
	GlobalSection(SolutionConfigurationPlatforms) = preSolution
		Debug|Any CPU = Debug|Any CPU
		Release|Any CPU = Release|Any CPU
	EndGlobalSection
	GlobalSection(ProjectConfigurationPlatforms) = postSolution
		{D084BA0F-7E2F-4269-B572-60956075E938}.Debug|Any CPU.ActiveCfg = Debug|Any CPU
		{D084BA0F-7E2F-4269-B572-60956075E938}.Debug|Any CPU.Build.0 = Debug|Any CPU
		{D084BA0F-7E2F-4269-B572-60956075E938}.Release|Any CPU.ActiveCfg = Release|Any CPU
		{D084BA0F-7E2F-4269-B572-60956075E938}.Release|Any CPU.Build.0 = Release|Any CPU
		{441F79A4-6B11-44DE-902A-67E6FFB4025B}.Debug|Any CPU.ActiveCfg = Debug|Any CPU
		{441F79A4-6B11-44DE-902A-67E6FFB4025B}.Debug|Any CPU.Build.0 = Debug|Any CPU
		{441F79A4-6B11-44DE-902A-67E6FFB4025B}.Release|Any CPU.ActiveCfg = Release|Any CPU
		{441F79A4-6B11-44DE-902A-67E6FFB4025B}.Release|Any CPU.Build.0 = Release|Any CPU
		{C3861006-1C39-440D-9EB1-83930782D47B}.Debug|Any CPU.ActiveCfg = Debug|Any CPU
		{C3861006-1C39-440D-9EB1-83930782D47B}.Debug|Any CPU.Build.0 = Debug|Any CPU
		{C3861006-1C39-440D-9EB1-83930782D47B}.Release|Any CPU.ActiveCfg = Release|Any CPU
		{C3861006-1C39-440D-9EB1-83930782D47B}.Release|Any CPU.Build.0 = Release|Any CPU
		{69E33E0B-EE77-48F7-AFEE-A446871398FC}.Debug|Any CPU.ActiveCfg = Debug|Any CPU
		{69E33E0B-EE77-48F7-AFEE-A446871398FC}.Debug|Any CPU.Build.0 = Debug|Any CPU
		{69E33E0B-EE77-48F7-AFEE-A446871398FC}.Release|Any CPU.ActiveCfg = Release|Any CPU
		{69E33E0B-EE77-48F7-AFEE-A446871398FC}.Release|Any CPU.Build.0 = Release|Any CPU
		{911EE356-B3C7-4738-88DF-B3D5728AFDAE}.Debug|Any CPU.ActiveCfg = Debug|Any CPU
		{911EE356-B3C7-4738-88DF-B3D5728AFDAE}.Debug|Any CPU.Build.0 = Debug|Any CPU
		{911EE356-B3C7-4738-88DF-B3D5728AFDAE}.Release|Any CPU.ActiveCfg = Release|Any CPU
		{911EE356-B3C7-4738-88DF-B3D5728AFDAE}.Release|Any CPU.Build.0 = Release|Any CPU
		{B595FC64-4B77-4765-9396-D1BC62BA0A0A}.Debug|Any CPU.ActiveCfg = Debug|Any CPU
		{B595FC64-4B77-4765-9396-D1BC62BA0A0A}.Debug|Any CPU.Build.0 = Debug|Any CPU
		{B595FC64-4B77-4765-9396-D1BC62BA0A0A}.Release|Any CPU.ActiveCfg = Release|Any CPU
		{B595FC64-4B77-4765-9396-D1BC62BA0A0A}.Release|Any CPU.Build.0 = Release|Any CPU
		{314D8A24-AAEF-4804-A620-14A049CF4902}.Debug|Any CPU.ActiveCfg = Debug|Any CPU
		{314D8A24-AAEF-4804-A620-14A049CF4902}.Debug|Any CPU.Build.0 = Debug|Any CPU
		{314D8A24-AAEF-4804-A620-14A049CF4902}.Release|Any CPU.ActiveCfg = Release|Any CPU
		{314D8A24-AAEF-4804-A620-14A049CF4902}.Release|Any CPU.Build.0 = Release|Any CPU
		{3B1F993C-25C5-4DBD-91DF-0B8A1C0BB012}.Debug|Any CPU.ActiveCfg = Debug|Any CPU
		{3B1F993C-25C5-4DBD-91DF-0B8A1C0BB012}.Debug|Any CPU.Build.0 = Debug|Any CPU
		{3B1F993C-25C5-4DBD-91DF-0B8A1C0BB012}.Release|Any CPU.ActiveCfg = Release|Any CPU
		{3B1F993C-25C5-4DBD-91DF-0B8A1C0BB012}.Release|Any CPU.Build.0 = Release|Any CPU
		{ED09970A-4876-4A2E-B773-3B65C157AC83}.Debug|Any CPU.ActiveCfg = Debug|Any CPU
		{ED09970A-4876-4A2E-B773-3B65C157AC83}.Debug|Any CPU.Build.0 = Debug|Any CPU
		{ED09970A-4876-4A2E-B773-3B65C157AC83}.Release|Any CPU.ActiveCfg = Release|Any CPU
		{ED09970A-4876-4A2E-B773-3B65C157AC83}.Release|Any CPU.Build.0 = Release|Any CPU
		{3BDF2C58-7F18-400A-B7C6-1EFAF6D5CB1F}.Debug|Any CPU.ActiveCfg = Debug|Any CPU
		{3BDF2C58-7F18-400A-B7C6-1EFAF6D5CB1F}.Debug|Any CPU.Build.0 = Debug|Any CPU
		{3BDF2C58-7F18-400A-B7C6-1EFAF6D5CB1F}.Release|Any CPU.ActiveCfg = Release|Any CPU
		{3BDF2C58-7F18-400A-B7C6-1EFAF6D5CB1F}.Release|Any CPU.Build.0 = Release|Any CPU
		{1FA0B318-C704-471F-998A-D669FF3EA8D2}.Debug|Any CPU.ActiveCfg = Debug|Any CPU
		{1FA0B318-C704-471F-998A-D669FF3EA8D2}.Debug|Any CPU.Build.0 = Debug|Any CPU
		{1FA0B318-C704-471F-998A-D669FF3EA8D2}.Release|Any CPU.ActiveCfg = Release|Any CPU
		{1FA0B318-C704-471F-998A-D669FF3EA8D2}.Release|Any CPU.Build.0 = Release|Any CPU
		{1BFAAAFA-CC3C-4C41-98FC-F8DA7E592A36}.Debug|Any CPU.ActiveCfg = Debug|Any CPU
		{1BFAAAFA-CC3C-4C41-98FC-F8DA7E592A36}.Debug|Any CPU.Build.0 = Debug|Any CPU
		{1BFAAAFA-CC3C-4C41-98FC-F8DA7E592A36}.Release|Any CPU.ActiveCfg = Release|Any CPU
		{1BFAAAFA-CC3C-4C41-98FC-F8DA7E592A36}.Release|Any CPU.Build.0 = Release|Any CPU
		{A7B99863-1EB8-4689-B9A4-D12EA9776FC3}.Debug|Any CPU.ActiveCfg = Debug|Any CPU
		{A7B99863-1EB8-4689-B9A4-D12EA9776FC3}.Debug|Any CPU.Build.0 = Debug|Any CPU
		{A7B99863-1EB8-4689-B9A4-D12EA9776FC3}.Release|Any CPU.ActiveCfg = Release|Any CPU
		{A7B99863-1EB8-4689-B9A4-D12EA9776FC3}.Release|Any CPU.Build.0 = Release|Any CPU
		{15911969-CD15-45A4-879E-67178A43483D}.Debug|Any CPU.ActiveCfg = Debug|Any CPU
		{15911969-CD15-45A4-879E-67178A43483D}.Debug|Any CPU.Build.0 = Debug|Any CPU
		{15911969-CD15-45A4-879E-67178A43483D}.Release|Any CPU.ActiveCfg = Release|Any CPU
		{15911969-CD15-45A4-879E-67178A43483D}.Release|Any CPU.Build.0 = Release|Any CPU
		{09E2CEA9-EBDE-44E3-909D-D5F6C19D50EB}.Debug|Any CPU.ActiveCfg = Debug|Any CPU
		{09E2CEA9-EBDE-44E3-909D-D5F6C19D50EB}.Debug|Any CPU.Build.0 = Debug|Any CPU
		{09E2CEA9-EBDE-44E3-909D-D5F6C19D50EB}.Release|Any CPU.ActiveCfg = Release|Any CPU
		{09E2CEA9-EBDE-44E3-909D-D5F6C19D50EB}.Release|Any CPU.Build.0 = Release|Any CPU
	EndGlobalSection
	GlobalSection(SolutionProperties) = preSolution
		HideSolutionNode = FALSE
	EndGlobalSection
	GlobalSection(NestedProjects) = preSolution
		{D084BA0F-7E2F-4269-B572-60956075E938} = {EAB189A4-0D00-4466-8A26-ADF41C258409}
		{441F79A4-6B11-44DE-902A-67E6FFB4025B} = {EAB189A4-0D00-4466-8A26-ADF41C258409}
		{C3861006-1C39-440D-9EB1-83930782D47B} = {9770D3BD-F591-495F-B1D1-9E55C20D127C}
		{69E33E0B-EE77-48F7-AFEE-A446871398FC} = {9770D3BD-F591-495F-B1D1-9E55C20D127C}
		{911EE356-B3C7-4738-88DF-B3D5728AFDAE} = {9770D3BD-F591-495F-B1D1-9E55C20D127C}
		{B595FC64-4B77-4765-9396-D1BC62BA0A0A} = {1527542A-2A06-4344-B887-75848E2916E0}
		{314D8A24-AAEF-4804-A620-14A049CF4902} = {1527542A-2A06-4344-B887-75848E2916E0}
		{3B1F993C-25C5-4DBD-91DF-0B8A1C0BB012} = {1527542A-2A06-4344-B887-75848E2916E0}
		{ED09970A-4876-4A2E-B773-3B65C157AC83} = {F998DA82-3DBF-455D-AFFA-1005676335E1}
		{3BDF2C58-7F18-400A-B7C6-1EFAF6D5CB1F} = {F998DA82-3DBF-455D-AFFA-1005676335E1}
		{1FA0B318-C704-471F-998A-D669FF3EA8D2} = {F998DA82-3DBF-455D-AFFA-1005676335E1}
		{1BFAAAFA-CC3C-4C41-98FC-F8DA7E592A36} = {F998DA82-3DBF-455D-AFFA-1005676335E1}
		{A7B99863-1EB8-4689-B9A4-D12EA9776FC3} = {A25CD3F6-BBE7-4170-B76A-3CDAD975261A}
		{15911969-CD15-45A4-879E-67178A43483D} = {A25CD3F6-BBE7-4170-B76A-3CDAD975261A}
		{09E2CEA9-EBDE-44E3-909D-D5F6C19D50EB} = {A25CD3F6-BBE7-4170-B76A-3CDAD975261A}
	EndGlobalSection
	GlobalSection(ExtensibilityGlobals) = postSolution
		SolutionGuid = {64D41B36-9FAE-423E-85E3-DEBB5406165C}
	EndGlobalSection
EndGlobal
